
Microsoft Visual Studio Solution File, Format Version 12.00
# Visual Studio Version 16
VisualStudioVersion = 16.0.30517.126
MinimumVisualStudioVersion = 10.0.40219.1
Project("{FAE04EC0-301F-11D3-BF4B-00C04F79EFBC}") = "View", "View\View.csproj", "{294FCDA5-AF18-47BB-9AFA-664F42BD5169}"
EndProject
Global
	GlobalSection(SolutionConfigurationPlatforms) = preSolution
		Debug|Any CPU = Debug|Any CPU
		Release|Any CPU = Release|Any CPU
	EndGlobalSection
	GlobalSection(ProjectConfigurationPlatforms) = postSolution
		{294FCDA5-AF18-47BB-9AFA-664F42BD5169}.Debug|Any CPU.ActiveCfg = Debug|Any CPU
		{294FCDA5-AF18-47BB-9AFA-664F42BD5169}.Debug|Any CPU.Build.0 = Debug|Any CPU
		{294FCDA5-AF18-47BB-9AFA-664F42BD5169}.Release|Any CPU.ActiveCfg = Release|Any CPU
		{294FCDA5-AF18-47BB-9AFA-664F42BD5169}.Release|Any CPU.Build.0 = Release|Any CPU
	EndGlobalSection
	GlobalSection(SolutionProperties) = preSolution
		HideSolutionNode = FALSE
	EndGlobalSection
	GlobalSection(ExtensibilityGlobals) = postSolution
		SolutionGuid = {C321CE61-021F-4086-AA70-02E043AF5887}
	EndGlobalSection
EndGlobal
